
Microsoft Visual Studio Solution File, Format Version 12.00
# Visual Studio 2013
VisualStudioVersion = 12.0.21005.1
MinimumVisualStudioVersion = 10.0.40219.1
Project("{FAE04EC0-301F-11D3-BF4B-00C04F79EFBC}") = "Latihan_1_1", "Selasa_141111472_Vialli Lawin\Latihan_1_1.csproj", "{5B7A39B3-A432-4564-AABD-15202056D4D8}"
EndProject
Project("{FAE04EC0-301F-11D3-BF4B-00C04F79EFBC}") = "Latihan_2_1", "Latihan_1_2\Latihan_2_1.csproj", "{C5F2356A-16CE-4EFB-B581-95173CA18221}"
EndProject
Project("{FAE04EC0-301F-11D3-BF4B-00C04F79EFBC}") = "Latihan_3_1", "WindowsFormsApplication1\Latihan_3_1.csproj", "{A880C39D-B9C0-4A3A-A0F4-B252A1F46F1B}"
EndProject
Project("{FAE04EC0-301F-11D3-BF4B-00C04F79EFBC}") = "Latihan_4_1", "Latihan_1_4\Latihan_4_1.csproj", "{6B5CB29D-AABA-4E5D-A475-ABEA04A13833}"
EndProject
Global
	GlobalSection(SolutionConfigurationPlatforms) = preSolution
		Debug|Any CPU = Debug|Any CPU
		Release|Any CPU = Release|Any CPU
	EndGlobalSection
	GlobalSection(ProjectConfigurationPlatforms) = postSolution
		{5B7A39B3-A432-4564-AABD-15202056D4D8}.Debug|Any CPU.ActiveCfg = Debug|Any CPU
		{5B7A39B3-A432-4564-AABD-15202056D4D8}.Debug|Any CPU.Build.0 = Debug|Any CPU
		{5B7A39B3-A432-4564-AABD-15202056D4D8}.Release|Any CPU.ActiveCfg = Release|Any CPU
		{5B7A39B3-A432-4564-AABD-15202056D4D8}.Release|Any CPU.Build.0 = Release|Any CPU
		{C5F2356A-16CE-4EFB-B581-95173CA18221}.Debug|Any CPU.ActiveCfg = Debug|Any CPU
		{C5F2356A-16CE-4EFB-B581-95173CA18221}.Debug|Any CPU.Build.0 = Debug|Any CPU
		{C5F2356A-16CE-4EFB-B581-95173CA18221}.Release|Any CPU.ActiveCfg = Release|Any CPU
		{C5F2356A-16CE-4EFB-B581-95173CA18221}.Release|Any CPU.Build.0 = Release|Any CPU
		{A880C39D-B9C0-4A3A-A0F4-B252A1F46F1B}.Debug|Any CPU.ActiveCfg = Debug|Any CPU
		{A880C39D-B9C0-4A3A-A0F4-B252A1F46F1B}.Debug|Any CPU.Build.0 = Debug|Any CPU
		{A880C39D-B9C0-4A3A-A0F4-B252A1F46F1B}.Release|Any CPU.ActiveCfg = Release|Any CPU
		{A880C39D-B9C0-4A3A-A0F4-B252A1F46F1B}.Release|Any CPU.Build.0 = Release|Any CPU
		{6B5CB29D-AABA-4E5D-A475-ABEA04A13833}.Debug|Any CPU.ActiveCfg = Debug|Any CPU
		{6B5CB29D-AABA-4E5D-A475-ABEA04A13833}.Debug|Any CPU.Build.0 = Debug|Any CPU
		{6B5CB29D-AABA-4E5D-A475-ABEA04A13833}.Release|Any CPU.ActiveCfg = Release|Any CPU
		{6B5CB29D-AABA-4E5D-A475-ABEA04A13833}.Release|Any CPU.Build.0 = Release|Any CPU
	EndGlobalSection
	GlobalSection(SolutionProperties) = preSolution
		HideSolutionNode = FALSE
	EndGlobalSection
EndGlobal
